
Microsoft Visual Studio Solution File, Format Version 12.00
# Visual Studio Version 16
VisualStudioVersion = 16.0.32228.343
MinimumVisualStudioVersion = 10.0.40219.1
Project("{FAE04EC0-301F-11D3-BF4B-00C04F79EFBC}") = "ConexionSQLServer", "ConexionSQLServer\ConexionSQLServer.csproj", "{EDA371E1-3980-4D58-9643-FC5F8D0FE707}"
EndProject
Global
	GlobalSection(SolutionConfigurationPlatforms) = preSolution
		Debug|Any CPU = Debug|Any CPU
		Release|Any CPU = Release|Any CPU
	EndGlobalSection
	GlobalSection(ProjectConfigurationPlatforms) = postSolution
		{EDA371E1-3980-4D58-9643-FC5F8D0FE707}.Debug|Any CPU.ActiveCfg = Debug|Any CPU
		{EDA371E1-3980-4D58-9643-FC5F8D0FE707}.Debug|Any CPU.Build.0 = Debug|Any CPU
		{EDA371E1-3980-4D58-9643-FC5F8D0FE707}.Release|Any CPU.ActiveCfg = Release|Any CPU
		{EDA371E1-3980-4D58-9643-FC5F8D0FE707}.Release|Any CPU.Build.0 = Release|Any CPU
	EndGlobalSection
	GlobalSection(SolutionProperties) = preSolution
		HideSolutionNode = FALSE
	EndGlobalSection
	GlobalSection(ExtensibilityGlobals) = postSolution
		SolutionGuid = {29218957-46E9-4DD5-9A66-9EDDD88F0400}
	EndGlobalSection
EndGlobal
